
Microsoft Visual Studio Solution File, Format Version 12.00
# Visual Studio Version 17
VisualStudioVersion = 17.5.33502.453
MinimumVisualStudioVersion = 10.0.40219.1
Project("{FAE04EC0-301F-11D3-BF4B-00C04F79EFBC}") = "LoginPage", "LoginPage\LoginPage.csproj", "{0826E0EF-1AA6-4E50-B8B9-260F68B65BA1}"
EndProject
Global
	GlobalSection(SolutionConfigurationPlatforms) = preSolution
		Debug|Any CPU = Debug|Any CPU
		Release|Any CPU = Release|Any CPU
	EndGlobalSection
	GlobalSection(ProjectConfigurationPlatforms) = postSolution
		{0826E0EF-1AA6-4E50-B8B9-260F68B65BA1}.Debug|Any CPU.ActiveCfg = Debug|Any CPU
		{0826E0EF-1AA6-4E50-B8B9-260F68B65BA1}.Debug|Any CPU.Build.0 = Debug|Any CPU
		{0826E0EF-1AA6-4E50-B8B9-260F68B65BA1}.Release|Any CPU.ActiveCfg = Release|Any CPU
		{0826E0EF-1AA6-4E50-B8B9-260F68B65BA1}.Release|Any CPU.Build.0 = Release|Any CPU
	EndGlobalSection
	GlobalSection(SolutionProperties) = preSolution
		HideSolutionNode = FALSE
	EndGlobalSection
	GlobalSection(ExtensibilityGlobals) = postSolution
		SolutionGuid = {D94D7E01-3CAC-499D-9BB3-59EC6B00036B}
	EndGlobalSection
EndGlobal
